// !$*UTF8*$!
{
	archiveVersion = 1;
	classes = {
	};
	objectVersion = 55;
	objects = {

/* Begin PBXBuildFile section */
		F6318236280ED81E00A8E1D0 /* chatAppApp.swift in Sources */ = {isa = PBXBuildFile; fileRef = F6318235280ED81E00A8E1D0 /* chatAppApp.swift */; };
		F6318238280ED81E00A8E1D0 /* ContentView.swift in Sources */ = {isa = PBXBuildFile; fileRef = F6318237280ED81E00A8E1D0 /* ContentView.swift */; };
		F631823A280ED82100A8E1D0 /* Assets.xcassets in Resources */ = {isa = PBXBuildFile; fileRef = F6318239280ED82100A8E1D0 /* Assets.xcassets */; };
		F631823D280ED82100A8E1D0 /* Preview Assets.xcassets in Resources */ = {isa = PBXBuildFile; fileRef = F631823C280ED82100A8E1D0 /* Preview Assets.xcassets */; };
		F6318244280EDA9200A8E1D0 /* GoogleService-Info.plist in Resources */ = {isa = PBXBuildFile; fileRef = F6318243280EDA9200A8E1D0 /* GoogleService-Info.plist */; };
		F6318247280EDB7000A8E1D0 /* FirebaseAuth in Frameworks */ = {isa = PBXBuildFile; productRef = F6318246280EDB7000A8E1D0 /* FirebaseAuth */; };
		F6318249280EDB7000A8E1D0 /* FirebaseFirestore in Frameworks */ = {isa = PBXBuildFile; productRef = F6318248280EDB7000A8E1D0 /* FirebaseFirestore */; };
		F631824B280EDB7000A8E1D0 /* FirebaseStorage in Frameworks */ = {isa = PBXBuildFile; productRef = F631824A280EDB7000A8E1D0 /* FirebaseStorage */; };
		F631824F280EDC7600A8E1D0 /* FirebaseManger.swift in Sources */ = {isa = PBXBuildFile; fileRef = F631824E280EDC7600A8E1D0 /* FirebaseManger.swift */; };
		F6318252280EDECC00A8E1D0 /* authViewModel.swift in Sources */ = {isa = PBXBuildFile; fileRef = F6318251280EDECC00A8E1D0 /* authViewModel.swift */; };
		F6318254280F014200A8E1D0 /* FirebaseConstant.swift in Sources */ = {isa = PBXBuildFile; fileRef = F6318253280F014200A8E1D0 /* FirebaseConstant.swift */; };
		F6477C2F2816D3500055D800 /* Localizable.strings in Resources */ = {isa = PBXBuildFile; fileRef = F6477C312816D3500055D800 /* Localizable.strings */; };
		F6477C352816E1730055D800 /* ImagePickerReprsentable.swift in Sources */ = {isa = PBXBuildFile; fileRef = F6477C342816E1730055D800 /* ImagePickerReprsentable.swift */; };
		F6477C372816E18E0055D800 /* PHPPickerRepresentable.swift in Sources */ = {isa = PBXBuildFile; fileRef = F6477C362816E18E0055D800 /* PHPPickerRepresentable.swift */; };
		F65B2DFE28167E3300DB42A3 /* LoginView.swift in Sources */ = {isa = PBXBuildFile; fileRef = F65B2DFD28167E3300DB42A3 /* LoginView.swift */; };
		F65B2E002816818500DB42A3 /* HomeTabView.swift in Sources */ = {isa = PBXBuildFile; fileRef = F65B2DFF2816818500DB42A3 /* HomeTabView.swift */; };
		F65B2E022816837700DB42A3 /* settingsView.swift in Sources */ = {isa = PBXBuildFile; fileRef = F65B2E012816837700DB42A3 /* settingsView.swift */; };
		F65B2E042816895000DB42A3 /* Avatar.swift in Sources */ = {isa = PBXBuildFile; fileRef = F65B2E032816894F00DB42A3 /* Avatar.swift */; };
		F65B2E06281689DB00DB42A3 /* RemplcamentAvatar.swift in Sources */ = {isa = PBXBuildFile; fileRef = F65B2E05281689DB00DB42A3 /* RemplcamentAvatar.swift */; };
		F65B2E082816908600DB42A3 /* settingsRow.swift in Sources */ = {isa = PBXBuildFile; fileRef = F65B2E072816908500DB42A3 /* settingsRow.swift */; };
		F65B2E0C28169D6B00DB42A3 /* UserViewModel.swift in Sources */ = {isa = PBXBuildFile; fileRef = F65B2E0B28169D6B00DB42A3 /* UserViewModel.swift */; };
		F65B2E0E28169E3C00DB42A3 /* AppUser.swift in Sources */ = {isa = PBXBuildFile; fileRef = F65B2E0D28169E3C00DB42A3 /* AppUser.swift */; };
		F67A377B282A46AA002F25DA /* Message.swift in Sources */ = {isa = PBXBuildFile; fileRef = F67A377A282A46AA002F25DA /* Message.swift */; };
		F67A377D282A498F002F25DA /* MessageViewModel.swift in Sources */ = {isa = PBXBuildFile; fileRef = F67A377C282A498F002F25DA /* MessageViewModel.swift */; };
		F67A377F282A5224002F25DA /* ChatMessage.swift in Sources */ = {isa = PBXBuildFile; fileRef = F67A377E282A5224002F25DA /* ChatMessage.swift */; };
		F69E44B2282A637D0002A42D /* MessageEditing.swift in Sources */ = {isa = PBXBuildFile; fileRef = F69E44B1282A637D0002A42D /* MessageEditing.swift */; };
		F6A4B9652817EDD40032D6CB /* AllUsersViewModel.swift in Sources */ = {isa = PBXBuildFile; fileRef = F6A4B9642817EDD40032D6CB /* AllUsersViewModel.swift */; };
		F6A4B9672817F56A0032D6CB /* ContactListView.swift in Sources */ = {isa = PBXBuildFile; fileRef = F6A4B9662817F56A0032D6CB /* ContactListView.swift */; };
		F6A4B9692817FC640032D6CB /* ContactViewRow.swift in Sources */ = {isa = PBXBuildFile; fileRef = F6A4B9682817FC640032D6CB /* ContactViewRow.swift */; };
/* End PBXBuildFile section */

/* Begin PBXFileReference section */
		F6318232280ED81E00A8E1D0 /* chatApp.app */ = {isa = PBXFileReference; explicitFileType = wrapper.application; includeInIndex = 0; path = chatApp.app; sourceTree = BUILT_PRODUCTS_DIR; };
		F6318235280ED81E00A8E1D0 /* chatAppApp.swift */ = {isa = PBXFileReference; lastKnownFileType = sourcecode.swift; path = chatAppApp.swift; sourceTree = "<group>"; };
		F6318237280ED81E00A8E1D0 /* ContentView.swift */ = {isa = PBXFileReference; lastKnownFileType = sourcecode.swift; path = ContentView.swift; sourceTree = "<group>"; };
		F6318239280ED82100A8E1D0 /* Assets.xcassets */ = {isa = PBXFileReference; lastKnownFileType = folder.assetcatalog; path = Assets.xcassets; sourceTree = "<group>"; };
		F631823C280ED82100A8E1D0 /* Preview Assets.xcassets */ = {isa = PBXFileReference; lastKnownFileType = folder.assetcatalog; path = "Preview Assets.xcassets"; sourceTree = "<group>"; };
		F6318243280EDA9200A8E1D0 /* GoogleService-Info.plist */ = {isa = PBXFileReference; fileEncoding = 4; lastKnownFileType = text.plist.xml; name = "GoogleService-Info.plist"; path = "../../../../../Downloads/GoogleService-Info.plist"; sourceTree = "<group>"; };
		F631824E280EDC7600A8E1D0 /* FirebaseManger.swift */ = {isa = PBXFileReference; lastKnownFileType = sourcecode.swift; path = FirebaseManger.swift; sourceTree = "<group>"; };
		F6318251280EDECC00A8E1D0 /* authViewModel.swift */ = {isa = PBXFileReference; lastKnownFileType = sourcecode.swift; path = authViewModel.swift; sourceTree = "<group>"; };
		F6318253280F014200A8E1D0 /* FirebaseConstant.swift */ = {isa = PBXFileReference; lastKnownFileType = sourcecode.swift; path = FirebaseConstant.swift; sourceTree = "<group>"; };
		F6477C302816D3500055D800 /* en */ = {isa = PBXFileReference; lastKnownFileType = text.plist.strings; name = en; path = en.lproj/Localizable.strings; sourceTree = "<group>"; };
		F6477C322816D42A0055D800 /* fr */ = {isa = PBXFileReference; lastKnownFileType = text.plist.strings; name = fr; path = fr.lproj/Localizable.strings; sourceTree = "<group>"; };
		F6477C342816E1730055D800 /* ImagePickerReprsentable.swift */ = {isa = PBXFileReference; lastKnownFileType = sourcecode.swift; path = ImagePickerReprsentable.swift; sourceTree = "<group>"; };
		F6477C362816E18E0055D800 /* PHPPickerRepresentable.swift */ = {isa = PBXFileReference; lastKnownFileType = sourcecode.swift; path = PHPPickerRepresentable.swift; sourceTree = "<group>"; };
		F65B2DFD28167E3300DB42A3 /* LoginView.swift */ = {isa = PBXFileReference; lastKnownFileType = sourcecode.swift; path = LoginView.swift; sourceTree = "<group>"; };
		F65B2DFF2816818500DB42A3 /* HomeTabView.swift */ = {isa = PBXFileReference; lastKnownFileType = sourcecode.swift; path = HomeTabView.swift; sourceTree = "<group>"; };
		F65B2E012816837700DB42A3 /* settingsView.swift */ = {isa = PBXFileReference; lastKnownFileType = sourcecode.swift; path = settingsView.swift; sourceTree = "<group>"; };
		F65B2E032816894F00DB42A3 /* Avatar.swift */ = {isa = PBXFileReference; lastKnownFileType = sourcecode.swift; path = Avatar.swift; sourceTree = "<group>"; };
		F65B2E05281689DB00DB42A3 /* RemplcamentAvatar.swift */ = {isa = PBXFileReference; lastKnownFileType = sourcecode.swift; path = RemplcamentAvatar.swift; sourceTree = "<group>"; };
		F65B2E072816908500DB42A3 /* settingsRow.swift */ = {isa = PBXFileReference; lastKnownFileType = sourcecode.swift; path = settingsRow.swift; sourceTree = "<group>"; };
		F65B2E0B28169D6B00DB42A3 /* UserViewModel.swift */ = {isa = PBXFileReference; lastKnownFileType = sourcecode.swift; path = UserViewModel.swift; sourceTree = "<group>"; };
		F65B2E0D28169E3C00DB42A3 /* AppUser.swift */ = {isa = PBXFileReference; lastKnownFileType = sourcecode.swift; path = AppUser.swift; sourceTree = "<group>"; };
		F67A377A282A46AA002F25DA /* Message.swift */ = {isa = PBXFileReference; lastKnownFileType = sourcecode.swift; path = Message.swift; sourceTree = "<group>"; };
		F67A377C282A498F002F25DA /* MessageViewModel.swift */ = {isa = PBXFileReference; lastKnownFileType = sourcecode.swift; path = MessageViewModel.swift; sourceTree = "<group>"; };
		F67A377E282A5224002F25DA /* ChatMessage.swift */ = {isa = PBXFileReference; lastKnownFileType = sourcecode.swift; path = ChatMessage.swift; sourceTree = "<group>"; };
		F69E44B1282A637D0002A42D /* MessageEditing.swift */ = {isa = PBXFileReference; lastKnownFileType = sourcecode.swift; path = MessageEditing.swift; sourceTree = "<group>"; };
		F6A4B9632817E72D0032D6CB /* Info.plist */ = {isa = PBXFileReference; lastKnownFileType = text.plist; path = Info.plist; sourceTree = "<group>"; };
		F6A4B9642817EDD40032D6CB /* AllUsersViewModel.swift */ = {isa = PBXFileReference; lastKnownFileType = sourcecode.swift; path = AllUsersViewModel.swift; sourceTree = "<group>"; };
		F6A4B9662817F56A0032D6CB /* ContactListView.swift */ = {isa = PBXFileReference; lastKnownFileType = sourcecode.swift; path = ContactListView.swift; sourceTree = "<group>"; };
		F6A4B9682817FC640032D6CB /* ContactViewRow.swift */ = {isa = PBXFileReference; lastKnownFileType = sourcecode.swift; path = ContactViewRow.swift; sourceTree = "<group>"; };
/* End PBXFileReference section */

/* Begin PBXFrameworksBuildPhase section */
		F631822F280ED81E00A8E1D0 /* Frameworks */ = {
			isa = PBXFrameworksBuildPhase;
			buildActionMask = 2147483647;
			files = (
				F6318247280EDB7000A8E1D0 /* FirebaseAuth in Frameworks */,
				F6318249280EDB7000A8E1D0 /* FirebaseFirestore in Frameworks */,
				F631824B280EDB7000A8E1D0 /* FirebaseStorage in Frameworks */,
			);
			runOnlyForDeploymentPostprocessing = 0;
		};
/* End PBXFrameworksBuildPhase section */

/* Begin PBXGroup section */
		F6318229280ED81E00A8E1D0 = {
			isa = PBXGroup;
			children = (
				F6477C312816D3500055D800 /* Localizable.strings */,
				F6318234280ED81E00A8E1D0 /* chatApp */,
				F6318233280ED81E00A8E1D0 /* Products */,
			);
			sourceTree = "<group>";
		};
		F6318233280ED81E00A8E1D0 /* Products */ = {
			isa = PBXGroup;
			children = (
				F6318232280ED81E00A8E1D0 /* chatApp.app */,
			);
			name = Products;
			sourceTree = "<group>";
		};
		F6318234280ED81E00A8E1D0 /* chatApp */ = {
			isa = PBXGroup;
			children = (
				F6A4B9632817E72D0032D6CB /* Info.plist */,
				F6477C332816E1350055D800 /* Reprsentable */,
				F6318250280EDDDF00A8E1D0 /* modelView */,
				F631824C280EDC2000A8E1D0 /* model */,
				F6318243280EDA9200A8E1D0 /* GoogleService-Info.plist */,
				F6318235280ED81E00A8E1D0 /* chatAppApp.swift */,
				F65B2DFF2816818500DB42A3 /* HomeTabView.swift */,
				F65B2DFD28167E3300DB42A3 /* LoginView.swift */,
				F6A4B9662817F56A0032D6CB /* ContactListView.swift */,
				F65B2E012816837700DB42A3 /* settingsView.swift */,
				F67A377E282A5224002F25DA /* ChatMessage.swift */,
				F6A4B9682817FC640032D6CB /* ContactViewRow.swift */,
				F69E44B1282A637D0002A42D /* MessageEditing.swift */,
				F6318237280ED81E00A8E1D0 /* ContentView.swift */,
				F6318239280ED82100A8E1D0 /* Assets.xcassets */,
				F631823B280ED82100A8E1D0 /* Preview Content */,
			);
			path = chatApp;
			sourceTree = "<group>";
		};
		F631823B280ED82100A8E1D0 /* Preview Content */ = {
			isa = PBXGroup;
			children = (
				F631823C280ED82100A8E1D0 /* Preview Assets.xcassets */,
			);
			path = "Preview Content";
			sourceTree = "<group>";
		};
		F631824C280EDC2000A8E1D0 /* model */ = {
			isa = PBXGroup;
			children = (
				F631824D280EDC4A00A8E1D0 /* FirestoreHelper */,
				F65B2E032816894F00DB42A3 /* Avatar.swift */,
				F65B2E05281689DB00DB42A3 /* RemplcamentAvatar.swift */,
				F65B2E072816908500DB42A3 /* settingsRow.swift */,
				F65B2E0D28169E3C00DB42A3 /* AppUser.swift */,
				F67A377A282A46AA002F25DA /* Message.swift */,
			);
			path = model;
			sourceTree = "<group>";
		};
		F631824D280EDC4A00A8E1D0 /* FirestoreHelper */ = {
			isa = PBXGroup;
			children = (
				F631824E280EDC7600A8E1D0 /* FirebaseManger.swift */,
				F6318253280F014200A8E1D0 /* FirebaseConstant.swift */,
			);
			path = FirestoreHelper;
			sourceTree = "<group>";
		};
		F6318250280EDDDF00A8E1D0 /* modelView */ = {
			isa = PBXGroup;
			children = (
				F6318251280EDECC00A8E1D0 /* authViewModel.swift */,
				F65B2E0B28169D6B00DB42A3 /* UserViewModel.swift */,
				F6A4B9642817EDD40032D6CB /* AllUsersViewModel.swift */,
				F67A377C282A498F002F25DA /* MessageViewModel.swift */,
			);
			path = modelView;
			sourceTree = "<group>";
		};
		F6477C332816E1350055D800 /* Reprsentable */ = {
			isa = PBXGroup;
			children = (
				F6477C342816E1730055D800 /* ImagePickerReprsentable.swift */,
				F6477C362816E18E0055D800 /* PHPPickerRepresentable.swift */,
			);
			path = Reprsentable;
			sourceTree = "<group>";
		};
/* End PBXGroup section */

/* Begin PBXNativeTarget section */
		F6318231280ED81E00A8E1D0 /* chatApp */ = {
			isa = PBXNativeTarget;
			buildConfigurationList = F6318240280ED82100A8E1D0 /* Build configuration list for PBXNativeTarget "chatApp" */;
			buildPhases = (
				F631822E280ED81E00A8E1D0 /* Sources */,
				F631822F280ED81E00A8E1D0 /* Frameworks */,
				F6318230280ED81E00A8E1D0 /* Resources */,
			);
			buildRules = (
			);
			dependencies = (
			);
			name = chatApp;
			packageProductDependencies = (
				F6318246280EDB7000A8E1D0 /* FirebaseAuth */,
				F6318248280EDB7000A8E1D0 /* FirebaseFirestore */,
				F631824A280EDB7000A8E1D0 /* FirebaseStorage */,
			);
			productName = chatApp;
			productReference = F6318232280ED81E00A8E1D0 /* chatApp.app */;
			productType = "com.apple.product-type.application";
		};
/* End PBXNativeTarget section */

/* Begin PBXProject section */
		F631822A280ED81E00A8E1D0 /* Project object */ = {
			isa = PBXProject;
			attributes = {
				BuildIndependentTargetsInParallel = 1;
				LastSwiftUpdateCheck = 1330;
				LastUpgradeCheck = 1330;
				TargetAttributes = {
					F6318231280ED81E00A8E1D0 = {
						CreatedOnToolsVersion = 13.3.1;
					};
				};
			};
			buildConfigurationList = F631822D280ED81E00A8E1D0 /* Build configuration list for PBXProject "chatApp" */;
			compatibilityVersion = "Xcode 13.0";
			developmentRegion = en;
			hasScannedForEncodings = 0;
			knownRegions = (
				en,
				Base,
				fr,
			);
			mainGroup = F6318229280ED81E00A8E1D0;
			packageReferences = (
				F6318245280EDB7000A8E1D0 /* XCRemoteSwiftPackageReference "firebase-ios-sdk" */,
			);
			productRefGroup = F6318233280ED81E00A8E1D0 /* Products */;
			projectDirPath = "";
			projectRoot = "";
			targets = (
				F6318231280ED81E00A8E1D0 /* chatApp */,
			);
		};
/* End PBXProject section */

/* Begin PBXResourcesBuildPhase section */
		F6318230280ED81E00A8E1D0 /* Resources */ = {
			isa = PBXResourcesBuildPhase;
			buildActionMask = 2147483647;
			files = (
				F631823D280ED82100A8E1D0 /* Preview Assets.xcassets in Resources */,
				F6477C2F2816D3500055D800 /* Localizable.strings in Resources */,
				F631823A280ED82100A8E1D0 /* Assets.xcassets in Resources */,
				F6318244280EDA9200A8E1D0 /* GoogleService-Info.plist in Resources */,
			);
			runOnlyForDeploymentPostprocessing = 0;
		};
/* End PBXResourcesBuildPhase section */

/* Begin PBXSourcesBuildPhase section */
		F631822E280ED81E00A8E1D0 /* Sources */ = {
			isa = PBXSourcesBuildPhase;
			buildActionMask = 2147483647;
			files = (
				F67A377F282A5224002F25DA /* ChatMessage.swift in Sources */,
				F65B2DFE28167E3300DB42A3 /* LoginView.swift in Sources */,
				F65B2E0E28169E3C00DB42A3 /* AppUser.swift in Sources */,
				F67A377D282A498F002F25DA /* MessageViewModel.swift in Sources */,
				F6477C352816E1730055D800 /* ImagePickerReprsentable.swift in Sources */,
				F65B2E0C28169D6B00DB42A3 /* UserViewModel.swift in Sources */,
				F65B2E022816837700DB42A3 /* settingsView.swift in Sources */,
				F6A4B9672817F56A0032D6CB /* ContactListView.swift in Sources */,
				F69E44B2282A637D0002A42D /* MessageEditing.swift in Sources */,
				F6318252280EDECC00A8E1D0 /* authViewModel.swift in Sources */,
				F67A377B282A46AA002F25DA /* Message.swift in Sources */,
				F65B2E042816895000DB42A3 /* Avatar.swift in Sources */,
				F6318238280ED81E00A8E1D0 /* ContentView.swift in Sources */,
				F6318236280ED81E00A8E1D0 /* chatAppApp.swift in Sources */,
				F6A4B9652817EDD40032D6CB /* AllUsersViewModel.swift in Sources */,
				F65B2E002816818500DB42A3 /* HomeTabView.swift in Sources */,
				F65B2E082816908600DB42A3 /* settingsRow.swift in Sources */,
				F6477C372816E18E0055D800 /* PHPPickerRepresentable.swift in Sources */,
				F6A4B9692817FC640032D6CB /* ContactViewRow.swift in Sources */,
				F65B2E06281689DB00DB42A3 /* RemplcamentAvatar.swift in Sources */,
				F631824F280EDC7600A8E1D0 /* FirebaseManger.swift in Sources */,
				F6318254280F014200A8E1D0 /* FirebaseConstant.swift in Sources */,
			);
			runOnlyForDeploymentPostprocessing = 0;
		};
/* End PBXSourcesBuildPhase section */

/* Begin PBXVariantGroup section */
		F6477C312816D3500055D800 /* Localizable.strings */ = {
			isa = PBXVariantGroup;
			children = (
				F6477C302816D3500055D800 /* en */,
				F6477C322816D42A0055D800 /* fr */,
			);
			name = Localizable.strings;
			sourceTree = "<group>";
		};
/* End PBXVariantGroup section */

/* Begin XCBuildConfiguration section */
		F631823E280ED82100A8E1D0 /* Debug */ = {
			isa = XCBuildConfiguration;
			buildSettings = {
				ALWAYS_SEARCH_USER_PATHS = NO;
				CLANG_ANALYZER_NONNULL = YES;
				CLANG_ANALYZER_NUMBER_OBJECT_CONVERSION = YES_AGGRESSIVE;
				CLANG_CXX_LANGUAGE_STANDARD = "gnu++17";
				CLANG_ENABLE_MODULES = YES;
				CLANG_ENABLE_OBJC_ARC = YES;
				CLANG_ENABLE_OBJC_WEAK = YES;
				CLANG_WARN_BLOCK_CAPTURE_AUTORELEASING = YES;
				CLANG_WARN_BOOL_CONVERSION = YES;
				CLANG_WARN_COMMA = YES;
				CLANG_WARN_CONSTANT_CONVERSION = YES;
				CLANG_WARN_DEPRECATED_OBJC_IMPLEMENTATIONS = YES;
				CLANG_WARN_DIRECT_OBJC_ISA_USAGE = YES_ERROR;
				CLANG_WARN_DOCUMENTATION_COMMENTS = YES;
				CLANG_WARN_EMPTY_BODY = YES;
				CLANG_WARN_ENUM_CONVERSION = YES;
				CLANG_WARN_INFINITE_RECURSION = YES;
				CLANG_WARN_INT_CONVERSION = YES;
				CLANG_WARN_NON_LITERAL_NULL_CONVERSION = YES;
				CLANG_WARN_OBJC_IMPLICIT_RETAIN_SELF = YES;
				CLANG_WARN_OBJC_LITERAL_CONVERSION = YES;
				CLANG_WARN_OBJC_ROOT_CLASS = YES_ERROR;
				CLANG_WARN_QUOTED_INCLUDE_IN_FRAMEWORK_HEADER = YES;
				CLANG_WARN_RANGE_LOOP_ANALYSIS = YES;
				CLANG_WARN_STRICT_PROTOTYPES = YES;
				CLANG_WARN_SUSPICIOUS_MOVE = YES;
				CLANG_WARN_UNGUARDED_AVAILABILITY = YES_AGGRESSIVE;
				CLANG_WARN_UNREACHABLE_CODE = YES;
				CLANG_WARN__DUPLICATE_METHOD_MATCH = YES;
				COPY_PHASE_STRIP = NO;
				DEBUG_INFORMATION_FORMAT = dwarf;
				ENABLE_STRICT_OBJC_MSGSEND = YES;
				ENABLE_TESTABILITY = YES;
				GCC_C_LANGUAGE_STANDARD = gnu11;
				GCC_DYNAMIC_NO_PIC = NO;
				GCC_NO_COMMON_BLOCKS = YES;
				GCC_OPTIMIZATION_LEVEL = 0;
				GCC_PREPROCESSOR_DEFINITIONS = (
					"DEBUG=1",
					"$(inherited)",
				);
				GCC_WARN_64_TO_32_BIT_CONVERSION = YES;
				GCC_WARN_ABOUT_RETURN_TYPE = YES_ERROR;
				GCC_WARN_UNDECLARED_SELECTOR = YES;
				GCC_WARN_UNINITIALIZED_AUTOS = YES_AGGRESSIVE;
				GCC_WARN_UNUSED_FUNCTION = YES;
				GCC_WARN_UNUSED_VARIABLE = YES;
				IPHONEOS_DEPLOYMENT_TARGET = 15.4;
				MTL_ENABLE_DEBUG_INFO = INCLUDE_SOURCE;
				MTL_FAST_MATH = YES;
				ONLY_ACTIVE_ARCH = YES;
				SDKROOT = iphoneos;
				SWIFT_ACTIVE_COMPILATION_CONDITIONS = DEBUG;
				SWIFT_OPTIMIZATION_LEVEL = "-Onone";
			};
			name = Debug;
		};
		F631823F280ED82100A8E1D0 /* Release */ = {
			isa = XCBuildConfiguration;
			buildSettings = {
				ALWAYS_SEARCH_USER_PATHS = NO;
				CLANG_ANALYZER_NONNULL = YES;
				CLANG_ANALYZER_NUMBER_OBJECT_CONVERSION = YES_AGGRESSIVE;
				CLANG_CXX_LANGUAGE_STANDARD = "gnu++17";
				CLANG_ENABLE_MODULES = YES;
				CLANG_ENABLE_OBJC_ARC = YES;
				CLANG_ENABLE_OBJC_WEAK = YES;
				CLANG_WARN_BLOCK_CAPTURE_AUTORELEASING = YES;
				CLANG_WARN_BOOL_CONVERSION = YES;
				CLANG_WARN_COMMA = YES;
				CLANG_WARN_CONSTANT_CONVERSION = YES;
				CLANG_WARN_DEPRECATED_OBJC_IMPLEMENTATIONS = YES;
				CLANG_WARN_DIRECT_OBJC_ISA_USAGE = YES_ERROR;
				CLANG_WARN_DOCUMENTATION_COMMENTS = YES;
				CLANG_WARN_EMPTY_BODY = YES;
				CLANG_WARN_ENUM_CONVERSION = YES;
				CLANG_WARN_INFINITE_RECURSION = YES;
				CLANG_WARN_INT_CONVERSION = YES;
				CLANG_WARN_NON_LITERAL_NULL_CONVERSION = YES;
				CLANG_WARN_OBJC_IMPLICIT_RETAIN_SELF = YES;
				CLANG_WARN_OBJC_LITERAL_CONVERSION = YES;
				CLANG_WARN_OBJC_ROOT_CLASS = YES_ERROR;
				CLANG_WARN_QUOTED_INCLUDE_IN_FRAMEWORK_HEADER = YES;
				CLANG_WARN_RANGE_LOOP_ANALYSIS = YES;
				CLANG_WARN_STRICT_PROTOTYPES = YES;
				CLANG_WARN_SUSPICIOUS_MOVE = YES;
				CLANG_WARN_UNGUARDED_AVAILABILITY = YES_AGGRESSIVE;
				CLANG_WARN_UNREACHABLE_CODE = YES;
				CLANG_WARN__DUPLICATE_METHOD_MATCH = YES;
				COPY_PHASE_STRIP = NO;
				DEBUG_INFORMATION_FORMAT = "dwarf-with-dsym";
				ENABLE_NS_ASSERTIONS = NO;
				ENABLE_STRICT_OBJC_MSGSEND = YES;
				GCC_C_LANGUAGE_STANDARD = gnu11;
				GCC_NO_COMMON_BLOCKS = YES;
				GCC_WARN_64_TO_32_BIT_CONVERSION = YES;
				GCC_WARN_ABOUT_RETURN_TYPE = YES_ERROR;
				GCC_WARN_UNDECLARED_SELECTOR = YES;
				GCC_WARN_UNINITIALIZED_AUTOS = YES_AGGRESSIVE;
				GCC_WARN_UNUSED_FUNCTION = YES;
				GCC_WARN_UNUSED_VARIABLE = YES;
				IPHONEOS_DEPLOYMENT_TARGET = 15.4;
				MTL_ENABLE_DEBUG_INFO = NO;
				MTL_FAST_MATH = YES;
				SDKROOT = iphoneos;
				SWIFT_COMPILATION_MODE = wholemodule;
				SWIFT_OPTIMIZATION_LEVEL = "-O";
				VALIDATE_PRODUCT = YES;
			};
			name = Release;
		};
		F6318241280ED82100A8E1D0 /* Debug */ = {
			isa = XCBuildConfiguration;
			buildSettings = {
				ASSETCATALOG_COMPILER_APPICON_NAME = AppIcon;
				ASSETCATALOG_COMPILER_GLOBAL_ACCENT_COLOR_NAME = AccentColor;
				CODE_SIGN_STYLE = Automatic;
				CURRENT_PROJECT_VERSION = 1;
				DEVELOPMENT_ASSET_PATHS = "\"chatApp/Preview Content\"";
				DEVELOPMENT_TEAM = AYQKWKQJL2;
				ENABLE_PREVIEWS = YES;
				GENERATE_INFOPLIST_FILE = YES;
				INFOPLIST_FILE = chatApp/Info.plist;
				INFOPLIST_KEY_NSCameraUsageDescription = "prendre un photo";
				INFOPLIST_KEY_NSPhotoLibraryUsageDescription = "accéder aux photos";
				INFOPLIST_KEY_UIApplicationSceneManifest_Generation = YES;
				INFOPLIST_KEY_UIApplicationSupportsIndirectInputEvents = YES;
				INFOPLIST_KEY_UILaunchScreen_Generation = YES;
				INFOPLIST_KEY_UISupportedInterfaceOrientations_iPad = "UIInterfaceOrientationPortrait UIInterfaceOrientationPortraitUpsideDown UIInterfaceOrientationLandscapeLeft UIInterfaceOrientationLandscapeRight";
				INFOPLIST_KEY_UISupportedInterfaceOrientations_iPhone = "UIInterfaceOrientationPortrait UIInterfaceOrientationLandscapeLeft UIInterfaceOrientationLandscapeRight";
				LD_RUNPATH_SEARCH_PATHS = (
					"$(inherited)",
					"@executable_path/Frameworks",
				);
				MARKETING_VERSION = 1.0;
				PRODUCT_BUNDLE_IDENTIFIER = lightphoenix.chatApp;
				PRODUCT_NAME = "$(TARGET_NAME)";
				SWIFT_EMIT_LOC_STRINGS = YES;
				SWIFT_VERSION = 5.0;
				TARGETED_DEVICE_FAMILY = "1,2";
			};
			name = Debug;
		};
		F6318242280ED82100A8E1D0 /* Release */ = {
			isa = XCBuildConfiguration;
			buildSettings = {
				ASSETCATALOG_COMPILER_APPICON_NAME = AppIcon;
				ASSETCATALOG_COMPILER_GLOBAL_ACCENT_COLOR_NAME = AccentColor;
				CODE_SIGN_STYLE = Automatic;
				CURRENT_PROJECT_VERSION = 1;
				DEVELOPMENT_ASSET_PATHS = "\"chatApp/Preview Content\"";
				DEVELOPMENT_TEAM = AYQKWKQJL2;
				ENABLE_PREVIEWS = YES;
				GENERATE_INFOPLIST_FILE = YES;
				INFOPLIST_FILE = chatApp/Info.plist;
				INFOPLIST_KEY_NSCameraUsageDescription = "prendre un photo";
				INFOPLIST_KEY_NSPhotoLibraryUsageDescription = "accéder aux photos";
				INFOPLIST_KEY_UIApplicationSceneManifest_Generation = YES;
				INFOPLIST_KEY_UIApplicationSupportsIndirectInputEvents = YES;
				INFOPLIST_KEY_UILaunchScreen_Generation = YES;
				INFOPLIST_KEY_UISupportedInterfaceOrientations_iPad = "UIInterfaceOrientationPortrait UIInterfaceOrientationPortraitUpsideDown UIInterfaceOrientationLandscapeLeft UIInterfaceOrientationLandscapeRight";
				INFOPLIST_KEY_UISupportedInterfaceOrientations_iPhone = "UIInterfaceOrientationPortrait UIInterfaceOrientationLandscapeLeft UIInterfaceOrientationLandscapeRight";
				LD_RUNPATH_SEARCH_PATHS = (
					"$(inherited)",
					"@executable_path/Frameworks",
				);
				MARKETING_VERSION = 1.0;
				PRODUCT_BUNDLE_IDENTIFIER = lightphoenix.chatApp;
				PRODUCT_NAME = "$(TARGET_NAME)";
				SWIFT_EMIT_LOC_STRINGS = YES;
				SWIFT_VERSION = 5.0;
				TARGETED_DEVICE_FAMILY = "1,2";
			};
			name = Release;
		};
/* End XCBuildConfiguration section */

/* Begin XCConfigurationList section */
		F631822D280ED81E00A8E1D0 /* Build configuration list for PBXProject "chatApp" */ = {
			isa = XCConfigurationList;
			buildConfigurations = (
				F631823E280ED82100A8E1D0 /* Debug */,
				F631823F280ED82100A8E1D0 /* Release */,
			);
			defaultConfigurationIsVisible = 0;
			defaultConfigurationName = Release;
		};
		F6318240280ED82100A8E1D0 /* Build configuration list for PBXNativeTarget "chatApp" */ = {
			isa = XCConfigurationList;
			buildConfigurations = (
				F6318241280ED82100A8E1D0 /* Debug */,
				F6318242280ED82100A8E1D0 /* Release */,
			);
			defaultConfigurationIsVisible = 0;
			defaultConfigurationName = Release;
		};
/* End XCConfigurationList section */

/* Begin XCRemoteSwiftPackageReference section */
		F6318245280EDB7000A8E1D0 /* XCRemoteSwiftPackageReference "firebase-ios-sdk" */ = {
			isa = XCRemoteSwiftPackageReference;
			repositoryURL = "https://github.com/firebase/firebase-ios-sdk";
			requirement = {
				branch = master;
				kind = branch;
			};
		};
/* End XCRemoteSwiftPackageReference section */

/* Begin XCSwiftPackageProductDependency section */
		F6318246280EDB7000A8E1D0 /* FirebaseAuth */ = {
			isa = XCSwiftPackageProductDependency;
			package = F6318245280EDB7000A8E1D0 /* XCRemoteSwiftPackageReference "firebase-ios-sdk" */;
			productName = FirebaseAuth;
		};
		F6318248280EDB7000A8E1D0 /* FirebaseFirestore */ = {
			isa = XCSwiftPackageProductDependency;
			package = F6318245280EDB7000A8E1D0 /* XCRemoteSwiftPackageReference "firebase-ios-sdk" */;
			productName = FirebaseFirestore;
		};
		F631824A280EDB7000A8E1D0 /* FirebaseStorage */ = {
			isa = XCSwiftPackageProductDependency;
			package = F6318245280EDB7000A8E1D0 /* XCRemoteSwiftPackageReference "firebase-ios-sdk" */;
			productName = FirebaseStorage;
		};
/* End XCSwiftPackageProductDependency section */
	};
	rootObject = F631822A280ED81E00A8E1D0 /* Project object */;
}
